
Microsoft Visual Studio Solution File, Format Version 12.00
Project("{FAE04EC0-301F-11D3-BF4B-00C04F79EFBC}") = "BMM 2", "BMM 2\BMM 2.csproj", "{D0C78BA0-7FD4-4E87-800E-4B6C25FA121D}"
EndProject
Global
	GlobalSection(SolutionConfigurationPlatforms) = preSolution
		Debug|Any CPU = Debug|Any CPU
		Release|Any CPU = Release|Any CPU
	EndGlobalSection
	GlobalSection(ProjectConfigurationPlatforms) = postSolution
		{D0C78BA0-7FD4-4E87-800E-4B6C25FA121D}.Debug|Any CPU.ActiveCfg = Debug|Any CPU
		{D0C78BA0-7FD4-4E87-800E-4B6C25FA121D}.Debug|Any CPU.Build.0 = Debug|Any CPU
		{D0C78BA0-7FD4-4E87-800E-4B6C25FA121D}.Release|Any CPU.ActiveCfg = Release|Any CPU
		{D0C78BA0-7FD4-4E87-800E-4B6C25FA121D}.Release|Any CPU.Build.0 = Release|Any CPU
	EndGlobalSection
EndGlobal
