
Microsoft Visual Studio Solution File, Format Version 12.00
Project("{FAE04EC0-301F-11D3-BF4B-00C04F79EFBC}") = "factoriel", "factoriel\factoriel.csproj", "{97F1BF83-20FE-4032-B411-FF90F2778586}"
EndProject
Global
	GlobalSection(SolutionConfigurationPlatforms) = preSolution
		Debug|Any CPU = Debug|Any CPU
		Release|Any CPU = Release|Any CPU
	EndGlobalSection
	GlobalSection(ProjectConfigurationPlatforms) = postSolution
		{97F1BF83-20FE-4032-B411-FF90F2778586}.Debug|Any CPU.ActiveCfg = Debug|Any CPU
		{97F1BF83-20FE-4032-B411-FF90F2778586}.Debug|Any CPU.Build.0 = Debug|Any CPU
		{97F1BF83-20FE-4032-B411-FF90F2778586}.Release|Any CPU.ActiveCfg = Release|Any CPU
		{97F1BF83-20FE-4032-B411-FF90F2778586}.Release|Any CPU.Build.0 = Release|Any CPU
	EndGlobalSection
EndGlobal
