
Microsoft Visual Studio Solution File, Format Version 12.00
Project("{FAE04EC0-301F-11D3-BF4B-00C04F79EFBC}") = "tamrin 2", "tamrin 2\tamrin 2.csproj", "{C249CD28-647B-4A6F-B727-22C9C4E475D0}"
EndProject
Global
	GlobalSection(SolutionConfigurationPlatforms) = preSolution
		Debug|Any CPU = Debug|Any CPU
		Release|Any CPU = Release|Any CPU
	EndGlobalSection
	GlobalSection(ProjectConfigurationPlatforms) = postSolution
		{C249CD28-647B-4A6F-B727-22C9C4E475D0}.Debug|Any CPU.ActiveCfg = Debug|Any CPU
		{C249CD28-647B-4A6F-B727-22C9C4E475D0}.Debug|Any CPU.Build.0 = Debug|Any CPU
		{C249CD28-647B-4A6F-B727-22C9C4E475D0}.Release|Any CPU.ActiveCfg = Release|Any CPU
		{C249CD28-647B-4A6F-B727-22C9C4E475D0}.Release|Any CPU.Build.0 = Release|Any CPU
	EndGlobalSection
EndGlobal
